// !$*UTF8*$!
{
	archiveVersion = 1;
	classes = {
	};
	objectVersion = 50;
	objects = {

/* Begin PBXBuildFile section */
		4108735C21BC42A700937011 /* AppDelegate.swift in Sources */ = {isa = PBXBuildFile; fileRef = 4108735B21BC42A700937011 /* AppDelegate.swift */; };
		4108735E21BC42A700937011 /* CategoriesVC.swift in Sources */ = {isa = PBXBuildFile; fileRef = 4108735D21BC42A700937011 /* CategoriesVC.swift */; };
		4108736121BC42A700937011 /* Main.storyboard in Resources */ = {isa = PBXBuildFile; fileRef = 4108735F21BC42A700937011 /* Main.storyboard */; };
		4108736321BC42A800937011 /* Assets.xcassets in Resources */ = {isa = PBXBuildFile; fileRef = 4108736221BC42A800937011 /* Assets.xcassets */; };
		4108736621BC42A800937011 /* LaunchScreen.storyboard in Resources */ = {isa = PBXBuildFile; fileRef = 4108736421BC42A800937011 /* LaunchScreen.storyboard */; };
		4108737121BC539900937011 /* CategoryCell.swift in Sources */ = {isa = PBXBuildFile; fileRef = 4108737021BC539900937011 /* CategoryCell.swift */; };
		41D331CD21C18D1D00802BDE /* ProductCell.swift in Sources */ = {isa = PBXBuildFile; fileRef = 41D331CC21C18D1D00802BDE /* ProductCell.swift */; };
		41D331CF21C18F8200802BDE /* Product.swift in Sources */ = {isa = PBXBuildFile; fileRef = 41D331CE21C18F8200802BDE /* Product.swift */; };
		41D331D121C196F400802BDE /* ProductsVC.swift in Sources */ = {isa = PBXBuildFile; fileRef = 41D331D021C196F400802BDE /* ProductsVC.swift */; };
		41FCA91721C15D3E00C85815 /* Category.swift in Sources */ = {isa = PBXBuildFile; fileRef = 41FCA91621C15D3E00C85815 /* Category.swift */; };
		41FCA91A21C15FCC00C85815 /* DataService.swift in Sources */ = {isa = PBXBuildFile; fileRef = 41FCA91921C15FCC00C85815 /* DataService.swift */; };
/* End PBXBuildFile section */

/* Begin PBXFileReference section */
		4108735821BC42A700937011 /* coder-swag.app */ = {isa = PBXFileReference; explicitFileType = wrapper.application; includeInIndex = 0; path = "coder-swag.app"; sourceTree = BUILT_PRODUCTS_DIR; };
		4108735B21BC42A700937011 /* AppDelegate.swift */ = {isa = PBXFileReference; lastKnownFileType = sourcecode.swift; path = AppDelegate.swift; sourceTree = "<group>"; };
		4108735D21BC42A700937011 /* CategoriesVC.swift */ = {isa = PBXFileReference; lastKnownFileType = sourcecode.swift; path = CategoriesVC.swift; sourceTree = "<group>"; };
		4108736021BC42A700937011 /* Base */ = {isa = PBXFileReference; lastKnownFileType = file.storyboard; name = Base; path = Base.lproj/Main.storyboard; sourceTree = "<group>"; };
		4108736221BC42A800937011 /* Assets.xcassets */ = {isa = PBXFileReference; lastKnownFileType = folder.assetcatalog; path = Assets.xcassets; sourceTree = "<group>"; };
		4108736521BC42A800937011 /* Base */ = {isa = PBXFileReference; lastKnownFileType = file.storyboard; name = Base; path = Base.lproj/LaunchScreen.storyboard; sourceTree = "<group>"; };
		4108736721BC42A800937011 /* Info.plist */ = {isa = PBXFileReference; lastKnownFileType = text.plist.xml; path = Info.plist; sourceTree = "<group>"; };
		4108737021BC539900937011 /* CategoryCell.swift */ = {isa = PBXFileReference; lastKnownFileType = sourcecode.swift; path = CategoryCell.swift; sourceTree = "<group>"; };
		41D331CC21C18D1D00802BDE /* ProductCell.swift */ = {isa = PBXFileReference; lastKnownFileType = sourcecode.swift; path = ProductCell.swift; sourceTree = "<group>"; };
		41D331CE21C18F8200802BDE /* Product.swift */ = {isa = PBXFileReference; lastKnownFileType = sourcecode.swift; path = Product.swift; sourceTree = "<group>"; };
		41D331D021C196F400802BDE /* ProductsVC.swift */ = {isa = PBXFileReference; lastKnownFileType = sourcecode.swift; path = ProductsVC.swift; sourceTree = "<group>"; };
		41FCA91621C15D3E00C85815 /* Category.swift */ = {isa = PBXFileReference; lastKnownFileType = sourcecode.swift; path = Category.swift; sourceTree = "<group>"; };
		41FCA91921C15FCC00C85815 /* DataService.swift */ = {isa = PBXFileReference; lastKnownFileType = sourcecode.swift; path = DataService.swift; sourceTree = "<group>"; };
/* End PBXFileReference section */

/* Begin PBXFrameworksBuildPhase section */
		4108735521BC42A700937011 /* Frameworks */ = {
			isa = PBXFrameworksBuildPhase;
			buildActionMask = 2147483647;
			files = (
			);
			runOnlyForDeploymentPostprocessing = 0;
		};
/* End PBXFrameworksBuildPhase section */

/* Begin PBXGroup section */
		4108734F21BC42A700937011 = {
			isa = PBXGroup;
			children = (
				4108735A21BC42A700937011 /* coder-swag */,
				4108735921BC42A700937011 /* Products */,
			);
			sourceTree = "<group>";
		};
		4108735921BC42A700937011 /* Products */ = {
			isa = PBXGroup;
			children = (
				4108735821BC42A700937011 /* coder-swag.app */,
			);
			name = Products;
			sourceTree = "<group>";
		};
		4108735A21BC42A700937011 /* coder-swag */ = {
			isa = PBXGroup;
			children = (
				41FCA91821C15FA300C85815 /* Services */,
				4108736F21BC4B1000937011 /* View */,
				4108736E21BC4AFD00937011 /* Model */,
				4108736D21BC4AE900937011 /* Controller */,
				4108735B21BC42A700937011 /* AppDelegate.swift */,
				4108735F21BC42A700937011 /* Main.storyboard */,
				4108736221BC42A800937011 /* Assets.xcassets */,
				4108736421BC42A800937011 /* LaunchScreen.storyboard */,
				4108736721BC42A800937011 /* Info.plist */,
			);
			path = "coder-swag";
			sourceTree = "<group>";
		};
		4108736D21BC4AE900937011 /* Controller */ = {
			isa = PBXGroup;
			children = (
				4108735D21BC42A700937011 /* CategoriesVC.swift */,
				41D331D021C196F400802BDE /* ProductsVC.swift */,
			);
			path = Controller;
			sourceTree = "<group>";
		};
		4108736E21BC4AFD00937011 /* Model */ = {
			isa = PBXGroup;
			children = (
				41FCA91621C15D3E00C85815 /* Category.swift */,
				41D331CE21C18F8200802BDE /* Product.swift */,
			);
			path = Model;
			sourceTree = "<group>";
		};
		4108736F21BC4B1000937011 /* View */ = {
			isa = PBXGroup;
			children = (
				4108737021BC539900937011 /* CategoryCell.swift */,
				41D331CC21C18D1D00802BDE /* ProductCell.swift */,
			);
			path = View;
			sourceTree = "<group>";
		};
		41FCA91821C15FA300C85815 /* Services */ = {
			isa = PBXGroup;
			children = (
				41FCA91921C15FCC00C85815 /* DataService.swift */,
			);
			path = Services;
			sourceTree = "<group>";
		};
/* End PBXGroup section */

/* Begin PBXNativeTarget section */
		4108735721BC42A700937011 /* coder-swag */ = {
			isa = PBXNativeTarget;
			buildConfigurationList = 4108736A21BC42A800937011 /* Build configuration list for PBXNativeTarget "coder-swag" */;
			buildPhases = (
				4108735421BC42A700937011 /* Sources */,
				4108735521BC42A700937011 /* Frameworks */,
				4108735621BC42A700937011 /* Resources */,
			);
			buildRules = (
			);
			dependencies = (
			);
			name = "coder-swag";
			productName = "coder-swag";
			productReference = 4108735821BC42A700937011 /* coder-swag.app */;
			productType = "com.apple.product-type.application";
		};
/* End PBXNativeTarget section */

/* Begin PBXProject section */
		4108735021BC42A700937011 /* Project object */ = {
			isa = PBXProject;
			attributes = {
				LastSwiftUpdateCheck = 1010;
				LastUpgradeCheck = 1010;
				ORGANIZATIONNAME = "ali ";
				TargetAttributes = {
					4108735721BC42A700937011 = {
						CreatedOnToolsVersion = 10.1;
					};
				};
			};
			buildConfigurationList = 4108735321BC42A700937011 /* Build configuration list for PBXProject "coder-swag" */;
			compatibilityVersion = "Xcode 9.3";
			developmentRegion = en;
			hasScannedForEncodings = 0;
			knownRegions = (
				en,
				Base,
			);
			mainGroup = 4108734F21BC42A700937011;
			productRefGroup = 4108735921BC42A700937011 /* Products */;
			projectDirPath = "";
			projectRoot = "";
			targets = (
				4108735721BC42A700937011 /* coder-swag */,
			);
		};
/* End PBXProject section */

/* Begin PBXResourcesBuildPhase section */
		4108735621BC42A700937011 /* Resources */ = {
			isa = PBXResourcesBuildPhase;
			buildActionMask = 2147483647;
			files = (
				4108736621BC42A800937011 /* LaunchScreen.storyboard in Resources */,
				4108736321BC42A800937011 /* Assets.xcassets in Resources */,
				4108736121BC42A700937011 /* Main.storyboard in Resources */,
			);
			runOnlyForDeploymentPostprocessing = 0;
		};
/* End PBXResourcesBuildPhase section */

/* Begin PBXSourcesBuildPhase section */
		4108735421BC42A700937011 /* Sources */ = {
			isa = PBXSourcesBuildPhase;
			buildActionMask = 2147483647;
			files = (
				41D331D121C196F400802BDE /* ProductsVC.swift in Sources */,
				4108735E21BC42A700937011 /* CategoriesVC.swift in Sources */,
				4108735C21BC42A700937011 /* AppDelegate.swift in Sources */,
				4108737121BC539900937011 /* CategoryCell.swift in Sources */,
				41D331CD21C18D1D00802BDE /* ProductCell.swift in Sources */,
				41FCA91721C15D3E00C85815 /* Category.swift in Sources */,
				41FCA91A21C15FCC00C85815 /* DataService.swift in Sources */,
				41D331CF21C18F8200802BDE /* Product.swift in Sources */,
			);
			runOnlyForDeploymentPostprocessing = 0;
		};
/* End PBXSourcesBuildPhase section */

/* Begin PBXVariantGroup section */
		4108735F21BC42A700937011 /* Main.storyboard */ = {
			isa = PBXVariantGroup;
			children = (
				4108736021BC42A700937011 /* Base */,
			);
			name = Main.storyboard;
			sourceTree = "<group>";
		};
		4108736421BC42A800937011 /* LaunchScreen.storyboard */ = {
			isa = PBXVariantGroup;
			children = (
				4108736521BC42A800937011 /* Base */,
			);
			name = LaunchScreen.storyboard;
			sourceTree = "<group>";
		};
/* End PBXVariantGroup section */

/* Begin XCBuildConfiguration section */
		4108736821BC42A800937011 /* Debug */ = {
			isa = XCBuildConfiguration;
			buildSettings = {
				ALWAYS_SEARCH_USER_PATHS = NO;
				CLANG_ANALYZER_NONNULL = YES;
				CLANG_ANALYZER_NUMBER_OBJECT_CONVERSION = YES_AGGRESSIVE;
				CLANG_CXX_LANGUAGE_STANDARD = "gnu++14";
				CLANG_CXX_LIBRARY = "libc++";
				CLANG_ENABLE_MODULES = YES;
				CLANG_ENABLE_OBJC_ARC = YES;
				CLANG_ENABLE_OBJC_WEAK = YES;
				CLANG_WARN_BLOCK_CAPTURE_AUTORELEASING = YES;
				CLANG_WARN_BOOL_CONVERSION = YES;
				CLANG_WARN_COMMA = YES;
				CLANG_WARN_CONSTANT_CONVERSION = YES;
				CLANG_WARN_DEPRECATED_OBJC_IMPLEMENTATIONS = YES;
				CLANG_WARN_DIRECT_OBJC_ISA_USAGE = YES_ERROR;
				CLANG_WARN_DOCUMENTATION_COMMENTS = YES;
				CLANG_WARN_EMPTY_BODY = YES;
				CLANG_WARN_ENUM_CONVERSION = YES;
				CLANG_WARN_INFINITE_RECURSION = YES;
				CLANG_WARN_INT_CONVERSION = YES;
				CLANG_WARN_NON_LITERAL_NULL_CONVERSION = YES;
				CLANG_WARN_OBJC_IMPLICIT_RETAIN_SELF = YES;
				CLANG_WARN_OBJC_LITERAL_CONVERSION = YES;
				CLANG_WARN_OBJC_ROOT_CLASS = YES_ERROR;
				CLANG_WARN_RANGE_LOOP_ANALYSIS = YES;
				CLANG_WARN_STRICT_PROTOTYPES = YES;
				CLANG_WARN_SUSPICIOUS_MOVE = YES;
				CLANG_WARN_UNGUARDED_AVAILABILITY = YES_AGGRESSIVE;
				CLANG_WARN_UNREACHABLE_CODE = YES;
				CLANG_WARN__DUPLICATE_METHOD_MATCH = YES;
				CODE_SIGN_IDENTITY = "iPhone Developer";
				COPY_PHASE_STRIP = NO;
				DEBUG_INFORMATION_FORMAT = dwarf;
				ENABLE_STRICT_OBJC_MSGSEND = YES;
				ENABLE_TESTABILITY = YES;
				GCC_C_LANGUAGE_STANDARD = gnu11;
				GCC_DYNAMIC_NO_PIC = NO;
				GCC_NO_COMMON_BLOCKS = YES;
				GCC_OPTIMIZATION_LEVEL = 0;
				GCC_PREPROCESSOR_DEFINITIONS = (
					"DEBUG=1",
					"$(inherited)",
				);
				GCC_WARN_64_TO_32_BIT_CONVERSION = YES;
				GCC_WARN_ABOUT_RETURN_TYPE = YES_ERROR;
				GCC_WARN_UNDECLARED_SELECTOR = YES;
				GCC_WARN_UNINITIALIZED_AUTOS = YES_AGGRESSIVE;
				GCC_WARN_UNUSED_FUNCTION = YES;
				GCC_WARN_UNUSED_VARIABLE = YES;
				IPHONEOS_DEPLOYMENT_TARGET = 12.1;
				MTL_ENABLE_DEBUG_INFO = INCLUDE_SOURCE;
				MTL_FAST_MATH = YES;
				ONLY_ACTIVE_ARCH = YES;
				SDKROOT = iphoneos;
				SWIFT_ACTIVE_COMPILATION_CONDITIONS = DEBUG;
				SWIFT_OPTIMIZATION_LEVEL = "-Onone";
			};
			name = Debug;
		};
		4108736921BC42A800937011 /* Release */ = {
			isa = XCBuildConfiguration;
			buildSettings = {
				ALWAYS_SEARCH_USER_PATHS = NO;
				CLANG_ANALYZER_NONNULL = YES;
				CLANG_ANALYZER_NUMBER_OBJECT_CONVERSION = YES_AGGRESSIVE;
				CLANG_CXX_LANGUAGE_STANDARD = "gnu++14";
				CLANG_CXX_LIBRARY = "libc++";
				CLANG_ENABLE_MODULES = YES;
				CLANG_ENABLE_OBJC_ARC = YES;
				CLANG_ENABLE_OBJC_WEAK = YES;
				CLANG_WARN_BLOCK_CAPTURE_AUTORELEASING = YES;
				CLANG_WARN_BOOL_CONVERSION = YES;
				CLANG_WARN_COMMA = YES;
				CLANG_WARN_CONSTANT_CONVERSION = YES;
				CLANG_WARN_DEPRECATED_OBJC_IMPLEMENTATIONS = YES;
				CLANG_WARN_DIRECT_OBJC_ISA_USAGE = YES_ERROR;
				CLANG_WARN_DOCUMENTATION_COMMENTS = YES;
				CLANG_WARN_EMPTY_BODY = YES;
				CLANG_WARN_ENUM_CONVERSION = YES;
				CLANG_WARN_INFINITE_RECURSION = YES;
				CLANG_WARN_INT_CONVERSION = YES;
				CLANG_WARN_NON_LITERAL_NULL_CONVERSION = YES;
				CLANG_WARN_OBJC_IMPLICIT_RETAIN_SELF = YES;
				CLANG_WARN_OBJC_LITERAL_CONVERSION = YES;
				CLANG_WARN_OBJC_ROOT_CLASS = YES_ERROR;
				CLANG_WARN_RANGE_LOOP_ANALYSIS = YES;
				CLANG_WARN_STRICT_PROTOTYPES = YES;
				CLANG_WARN_SUSPICIOUS_MOVE = YES;
				CLANG_WARN_UNGUARDED_AVAILABILITY = YES_AGGRESSIVE;
				CLANG_WARN_UNREACHABLE_CODE = YES;
				CLANG_WARN__DUPLICATE_METHOD_MATCH = YES;
				CODE_SIGN_IDENTITY = "iPhone Developer";
				COPY_PHASE_STRIP = NO;
				DEBUG_INFORMATION_FORMAT = "dwarf-with-dsym";
				ENABLE_NS_ASSERTIONS = NO;
				ENABLE_STRICT_OBJC_MSGSEND = YES;
				GCC_C_LANGUAGE_STANDARD = gnu11;
				GCC_NO_COMMON_BLOCKS = YES;
				GCC_WARN_64_TO_32_BIT_CONVERSION = YES;
				GCC_WARN_ABOUT_RETURN_TYPE = YES_ERROR;
				GCC_WARN_UNDECLARED_SELECTOR = YES;
				GCC_WARN_UNINITIALIZED_AUTOS = YES_AGGRESSIVE;
				GCC_WARN_UNUSED_FUNCTION = YES;
				GCC_WARN_UNUSED_VARIABLE = YES;
				IPHONEOS_DEPLOYMENT_TARGET = 12.1;
				MTL_ENABLE_DEBUG_INFO = NO;
				MTL_FAST_MATH = YES;
				SDKROOT = iphoneos;
				SWIFT_COMPILATION_MODE = wholemodule;
				SWIFT_OPTIMIZATION_LEVEL = "-O";
				VALIDATE_PRODUCT = YES;
			};
			name = Release;
		};
		4108736B21BC42A800937011 /* Debug */ = {
			isa = XCBuildConfiguration;
			buildSettings = {
				ASSETCATALOG_COMPILER_APPICON_NAME = AppIcon;
				CODE_SIGN_STYLE = Automatic;
				INFOPLIST_FILE = "coder-swag/Info.plist";
				LD_RUNPATH_SEARCH_PATHS = (
					"$(inherited)",
					"@executable_path/Frameworks",
				);
				PRODUCT_BUNDLE_IDENTIFIER = "com.hello.coder-swag";
				PRODUCT_NAME = "$(TARGET_NAME)";
				SWIFT_VERSION = 4.2;
				TARGETED_DEVICE_FAMILY = "1,2";
			};
			name = Debug;
		};
		4108736C21BC42A800937011 /* Release */ = {
			isa = XCBuildConfiguration;
			buildSettings = {
				ASSETCATALOG_COMPILER_APPICON_NAME = AppIcon;
				CODE_SIGN_STYLE = Automatic;
				INFOPLIST_FILE = "coder-swag/Info.plist";
				LD_RUNPATH_SEARCH_PATHS = (
					"$(inherited)",
					"@executable_path/Frameworks",
				);
				PRODUCT_BUNDLE_IDENTIFIER = "com.hello.coder-swag";
				PRODUCT_NAME = "$(TARGET_NAME)";
				SWIFT_VERSION = 4.2;
				TARGETED_DEVICE_FAMILY = "1,2";
			};
			name = Release;
		};
/* End XCBuildConfiguration section */

/* Begin XCConfigurationList section */
		4108735321BC42A700937011 /* Build configuration list for PBXProject "coder-swag" */ = {
			isa = XCConfigurationList;
			buildConfigurations = (
				4108736821BC42A800937011 /* Debug */,
				4108736921BC42A800937011 /* Release */,
			);
			defaultConfigurationIsVisible = 0;
			defaultConfigurationName = Release;
		};
		4108736A21BC42A800937011 /* Build configuration list for PBXNativeTarget "coder-swag" */ = {
			isa = XCConfigurationList;
			buildConfigurations = (
				4108736B21BC42A800937011 /* Debug */,
				4108736C21BC42A800937011 /* Release */,
			);
			defaultConfigurationIsVisible = 0;
			defaultConfigurationName = Release;
		};
/* End XCConfigurationList section */
	};
	rootObject = 4108735021BC42A700937011 /* Project object */;
}
